
Microsoft Visual Studio Solution File, Format Version 12.00
# Visual Studio 15
VisualStudioVersion = 15.0.27703.2035
MinimumVisualStudioVersion = 10.0.40219.1
Project("{FAE04EC0-301F-11D3-BF4B-00C04F79EFBC}") = "TitanVision", "TitanVision\TitanVision.csproj", "{5BDE7100-212B-4E2B-9DCB-F8F793BAD8C2}"
EndProject
Global
	GlobalSection(SolutionConfigurationPlatforms) = preSolution
		Debug|Any CPU = Debug|Any CPU
		Release|Any CPU = Release|Any CPU
	EndGlobalSection
	GlobalSection(ProjectConfigurationPlatforms) = postSolution
		{5BDE7100-212B-4E2B-9DCB-F8F793BAD8C2}.Debug|Any CPU.ActiveCfg = Debug|Any CPU
		{5BDE7100-212B-4E2B-9DCB-F8F793BAD8C2}.Debug|Any CPU.Build.0 = Debug|Any CPU
		{5BDE7100-212B-4E2B-9DCB-F8F793BAD8C2}.Release|Any CPU.ActiveCfg = Release|Any CPU
		{5BDE7100-212B-4E2B-9DCB-F8F793BAD8C2}.Release|Any CPU.Build.0 = Release|Any CPU
	EndGlobalSection
	GlobalSection(SolutionProperties) = preSolution
		HideSolutionNode = FALSE
	EndGlobalSection
	GlobalSection(ExtensibilityGlobals) = postSolution
		SolutionGuid = {AB8D7493-B4B1-48C7-B520-BC555F2D0CA7}
	EndGlobalSection
EndGlobal
